
Microsoft Visual Studio Solution File, Format Version 12.00
# Visual Studio Version 16
VisualStudioVersion = 16.0.30621.155
MinimumVisualStudioVersion = 10.0.40219.1
Project("{FAE04EC0-301F-11D3-BF4B-00C04F79EFBC}") = "LAB 6", "LAB 6\LAB 6.csproj", "{F32D632E-3D3E-434C-8936-13B679673901}"
EndProject
Global
	GlobalSection(SolutionConfigurationPlatforms) = preSolution
		Debug|Any CPU = Debug|Any CPU
		Release|Any CPU = Release|Any CPU
	EndGlobalSection
	GlobalSection(ProjectConfigurationPlatforms) = postSolution
		{F32D632E-3D3E-434C-8936-13B679673901}.Debug|Any CPU.ActiveCfg = Debug|Any CPU
		{F32D632E-3D3E-434C-8936-13B679673901}.Debug|Any CPU.Build.0 = Debug|Any CPU
		{F32D632E-3D3E-434C-8936-13B679673901}.Release|Any CPU.ActiveCfg = Release|Any CPU
		{F32D632E-3D3E-434C-8936-13B679673901}.Release|Any CPU.Build.0 = Release|Any CPU
	EndGlobalSection
	GlobalSection(SolutionProperties) = preSolution
		HideSolutionNode = FALSE
	EndGlobalSection
	GlobalSection(ExtensibilityGlobals) = postSolution
		SolutionGuid = {6C71C0F8-34C0-4959-A84C-CA5833DBFFA9}
	EndGlobalSection
EndGlobal
